
Microsoft Visual Studio Solution File, Format Version 12.00
# Visual Studio Version 17
VisualStudioVersion = 17.3.32922.545
MinimumVisualStudioVersion = 10.0.40219.1
Project("{FAE04EC0-301F-11D3-BF4B-00C04F79EFBC}") = "DZ4", "DZ4\DZ4.csproj", "{6EF9818B-4E91-4665-9B8B-28808965C1A4}"
EndProject
Project("{FAE04EC0-301F-11D3-BF4B-00C04F79EFBC}") = "ConsoleApp1", "ConsoleApp1\ConsoleApp1.csproj", "{F86EFC24-DA4B-4D38-A722-930C5711A5F4}"
EndProject
Global
	GlobalSection(SolutionConfigurationPlatforms) = preSolution
		Debug|Any CPU = Debug|Any CPU
		Release|Any CPU = Release|Any CPU
	EndGlobalSection
	GlobalSection(ProjectConfigurationPlatforms) = postSolution
		{6EF9818B-4E91-4665-9B8B-28808965C1A4}.Debug|Any CPU.ActiveCfg = Debug|Any CPU
		{6EF9818B-4E91-4665-9B8B-28808965C1A4}.Debug|Any CPU.Build.0 = Debug|Any CPU
		{6EF9818B-4E91-4665-9B8B-28808965C1A4}.Release|Any CPU.ActiveCfg = Release|Any CPU
		{6EF9818B-4E91-4665-9B8B-28808965C1A4}.Release|Any CPU.Build.0 = Release|Any CPU
		{F86EFC24-DA4B-4D38-A722-930C5711A5F4}.Debug|Any CPU.ActiveCfg = Debug|Any CPU
		{F86EFC24-DA4B-4D38-A722-930C5711A5F4}.Debug|Any CPU.Build.0 = Debug|Any CPU
		{F86EFC24-DA4B-4D38-A722-930C5711A5F4}.Release|Any CPU.ActiveCfg = Release|Any CPU
		{F86EFC24-DA4B-4D38-A722-930C5711A5F4}.Release|Any CPU.Build.0 = Release|Any CPU
	EndGlobalSection
	GlobalSection(SolutionProperties) = preSolution
		HideSolutionNode = FALSE
	EndGlobalSection
	GlobalSection(ExtensibilityGlobals) = postSolution
		SolutionGuid = {C37F3A75-0A8D-4804-9D30-3160F3AD8234}
	EndGlobalSection
EndGlobal
