
Microsoft Visual Studio Solution File, Format Version 12.00
# Visual Studio Version 17
VisualStudioVersion = 17.3.32929.385
MinimumVisualStudioVersion = 10.0.40219.1
Project("{9A19103F-16F7-4668-BE54-9A1E7A4F7556}") = "DZ6", "DZ6\DZ6.csproj", "{C159ED6C-704F-4625-81AB-2FE8F265FBDD}"
EndProject
Project("{FAE04EC0-301F-11D3-BF4B-00C04F79EFBC}") = "Serializer", "Serializer\Serializer.csproj", "{07AD0283-3A9A-4BC0-97CA-A19C8BBE2CDE}"
EndProject
Global
	GlobalSection(SolutionConfigurationPlatforms) = preSolution
		Debug|Any CPU = Debug|Any CPU
		Release|Any CPU = Release|Any CPU
	EndGlobalSection
	GlobalSection(ProjectConfigurationPlatforms) = postSolution
		{C159ED6C-704F-4625-81AB-2FE8F265FBDD}.Debug|Any CPU.ActiveCfg = Debug|Any CPU
		{C159ED6C-704F-4625-81AB-2FE8F265FBDD}.Debug|Any CPU.Build.0 = Debug|Any CPU
		{C159ED6C-704F-4625-81AB-2FE8F265FBDD}.Release|Any CPU.ActiveCfg = Release|Any CPU
		{C159ED6C-704F-4625-81AB-2FE8F265FBDD}.Release|Any CPU.Build.0 = Release|Any CPU
		{07AD0283-3A9A-4BC0-97CA-A19C8BBE2CDE}.Debug|Any CPU.ActiveCfg = Debug|Any CPU
		{07AD0283-3A9A-4BC0-97CA-A19C8BBE2CDE}.Debug|Any CPU.Build.0 = Debug|Any CPU
		{07AD0283-3A9A-4BC0-97CA-A19C8BBE2CDE}.Release|Any CPU.ActiveCfg = Release|Any CPU
		{07AD0283-3A9A-4BC0-97CA-A19C8BBE2CDE}.Release|Any CPU.Build.0 = Release|Any CPU
	EndGlobalSection
	GlobalSection(SolutionProperties) = preSolution
		HideSolutionNode = FALSE
	EndGlobalSection
	GlobalSection(ExtensibilityGlobals) = postSolution
		SolutionGuid = {52696723-02F9-4C9E-870C-B35C32C69448}
	EndGlobalSection
EndGlobal
